
Microsoft Visual Studio Solution File, Format Version 12.00
# Visual Studio 15
VisualStudioVersion = 15.0.27703.2042
MinimumVisualStudioVersion = 10.0.40219.1
Project("{FAE04EC0-301F-11D3-BF4B-00C04F79EFBC}") = "Main", "Main\Main.csproj", "{9DBCF5E0-9DAB-49FA-82AD-F269E83F8FDE}"
EndProject
Global
	GlobalSection(SolutionConfigurationPlatforms) = preSolution
		Debug|Any CPU = Debug|Any CPU
		Release|Any CPU = Release|Any CPU
	EndGlobalSection
	GlobalSection(ProjectConfigurationPlatforms) = postSolution
		{9DBCF5E0-9DAB-49FA-82AD-F269E83F8FDE}.Debug|Any CPU.ActiveCfg = Debug|Any CPU
		{9DBCF5E0-9DAB-49FA-82AD-F269E83F8FDE}.Debug|Any CPU.Build.0 = Debug|Any CPU
		{9DBCF5E0-9DAB-49FA-82AD-F269E83F8FDE}.Release|Any CPU.ActiveCfg = Release|Any CPU
		{9DBCF5E0-9DAB-49FA-82AD-F269E83F8FDE}.Release|Any CPU.Build.0 = Release|Any CPU
	EndGlobalSection
	GlobalSection(SolutionProperties) = preSolution
		HideSolutionNode = FALSE
	EndGlobalSection
	GlobalSection(ExtensibilityGlobals) = postSolution
		SolutionGuid = {39B1DF3C-7D8F-417C-B0A2-E285407FE3B1}
	EndGlobalSection
EndGlobal
